
Microsoft Visual Studio Solution File, Format Version 12.00
# Visual Studio Version 16
VisualStudioVersion = 16.0.30517.126
MinimumVisualStudioVersion = 10.0.40219.1
Project("{8BC9CEB8-8B4A-11D0-8D11-00A0C91BC942}") = "ZeroMQ-Version", "ZeroMQ-Version\ZeroMQ-Version.vcxproj", "{5550B345-7F48-41B4-9EC9-32288D30BF52}"
EndProject
Global
	GlobalSection(SolutionConfigurationPlatforms) = preSolution
		Debug|x64 = Debug|x64
		Debug|x86 = Debug|x86
		Release|x64 = Release|x64
		Release|x86 = Release|x86
	EndGlobalSection
	GlobalSection(ProjectConfigurationPlatforms) = postSolution
		{5550B345-7F48-41B4-9EC9-32288D30BF52}.Debug|x64.ActiveCfg = Debug|x64
		{5550B345-7F48-41B4-9EC9-32288D30BF52}.Debug|x64.Build.0 = Debug|x64
		{5550B345-7F48-41B4-9EC9-32288D30BF52}.Debug|x86.ActiveCfg = Debug|Win32
		{5550B345-7F48-41B4-9EC9-32288D30BF52}.Debug|x86.Build.0 = Debug|Win32
		{5550B345-7F48-41B4-9EC9-32288D30BF52}.Release|x64.ActiveCfg = Release|x64
		{5550B345-7F48-41B4-9EC9-32288D30BF52}.Release|x64.Build.0 = Release|x64
		{5550B345-7F48-41B4-9EC9-32288D30BF52}.Release|x86.ActiveCfg = Release|Win32
		{5550B345-7F48-41B4-9EC9-32288D30BF52}.Release|x86.Build.0 = Release|Win32
	EndGlobalSection
	GlobalSection(SolutionProperties) = preSolution
		HideSolutionNode = FALSE
	EndGlobalSection
	GlobalSection(ExtensibilityGlobals) = postSolution
		SolutionGuid = {0876B207-72F3-473D-B08E-799C9783E15D}
	EndGlobalSection
EndGlobal
